# This file was autogenerated by Stack.
# You should not edit this file by hand.
# For more information, please see the documentation at:
#   https://docs.haskellstack.org/en/stable/lock_files

packages:
- completed:
    hackage: rapid-0.1.4@sha256:b7e23399d49f0d8a6c79903ca822ac3e5827646b47b2b4e5716684179bd261ec,1761
    pantry-tree:
      sha256: 3efe0ef730a5b7be0ec70cdd1ef3fec71f33991114f9dcc6f2cccf94a3b97c25
      size: 299
  original:
    hackage: rapid-0.1.4@sha256:b7e23399d49f0d8a6c79903ca822ac3e5827646b47b2b4e5716684179bd261ec,1761
- completed:
    hackage: servant-htmx-0.1.0.2@sha256:cdafd3165d28694ec4bf81fff3b87b4721415293d75a394a97c26d0d4d57e38c,1817
    pantry-tree:
      sha256: e2eac22dcc977e6081ba7614d748d7a6a83b2001d4e719d6afb9ae6edf6bb23d
      size: 416
  original:
    hackage: servant-htmx-0.1.0.2@sha256:cdafd3165d28694ec4bf81fff3b87b4721415293d75a394a97c26d0d4d57e38c,1817
- completed:
    hackage: lucid-htmx-0.1.0.7@sha256:05d0bec34cd3c3d99d69a02c5c5f87385a9e53de8fa2e57a0c7c477dd3e5a6af,1491
    pantry-tree:
      sha256: 02dcd0ec63f113e1c17e82108daa7282b4e27374a1be380fc132f9aa5fa2d813
      size: 428
  original:
    hackage: lucid-htmx-0.1.0.7@sha256:05d0bec34cd3c3d99d69a02c5c5f87385a9e53de8fa2e57a0c7c477dd3e5a6af,1491
snapshots:
- completed:
    sha256: 90e6fcdcf6706918ef022ab01214828c550ee637a2d50f4fe96b15742b8bced1
    size: 714102
    url: https://raw.githubusercontent.com/commercialhaskell/stackage-snapshots/master/lts/22/5.yaml
  original:
    url: https://raw.githubusercontent.com/commercialhaskell/stackage-snapshots/master/lts/22/5.yaml
